
Microsoft Visual Studio Solution File, Format Version 12.00
# Visual Studio Version 16
VisualStudioVersion = 16.0.30503.244
MinimumVisualStudioVersion = 10.0.40219.1
Project("{FAE04EC0-301F-11D3-BF4B-00C04F79EFBC}") = "HSTDemo", "HSTDemo.csproj", "{DA78A06B-0022-4156-BBE6-DAAB732B19BC}"
EndProject
Project("{9A19103F-16F7-4668-BE54-9A1E7A4F7556}") = "FzyMVVM", "FzyMVVM\FzyMVVM.csproj", "{3634806B-7AB1-4C57-9561-EF7D862FF3EF}"
EndProject
Project("{FAE04EC0-301F-11D3-BF4B-00C04F79EFBC}") = "UnitTestProject1", "..\UnitTestProject1\UnitTestProject1.csproj", "{27D03D9C-6F16-4BA9-B1F3-EF4E88E29732}"
EndProject
Global
	GlobalSection(SolutionConfigurationPlatforms) = preSolution
		Debug|Any CPU = Debug|Any CPU
		Release|Any CPU = Release|Any CPU
	EndGlobalSection
	GlobalSection(ProjectConfigurationPlatforms) = postSolution
		{DA78A06B-0022-4156-BBE6-DAAB732B19BC}.Debug|Any CPU.ActiveCfg = Debug|Any CPU
		{DA78A06B-0022-4156-BBE6-DAAB732B19BC}.Debug|Any CPU.Build.0 = Debug|Any CPU
		{DA78A06B-0022-4156-BBE6-DAAB732B19BC}.Release|Any CPU.ActiveCfg = Release|Any CPU
		{DA78A06B-0022-4156-BBE6-DAAB732B19BC}.Release|Any CPU.Build.0 = Release|Any CPU
		{3634806B-7AB1-4C57-9561-EF7D862FF3EF}.Debug|Any CPU.ActiveCfg = Debug|Any CPU
		{3634806B-7AB1-4C57-9561-EF7D862FF3EF}.Debug|Any CPU.Build.0 = Debug|Any CPU
		{3634806B-7AB1-4C57-9561-EF7D862FF3EF}.Release|Any CPU.ActiveCfg = Release|Any CPU
		{3634806B-7AB1-4C57-9561-EF7D862FF3EF}.Release|Any CPU.Build.0 = Release|Any CPU
		{27D03D9C-6F16-4BA9-B1F3-EF4E88E29732}.Debug|Any CPU.ActiveCfg = Debug|Any CPU
		{27D03D9C-6F16-4BA9-B1F3-EF4E88E29732}.Debug|Any CPU.Build.0 = Debug|Any CPU
		{27D03D9C-6F16-4BA9-B1F3-EF4E88E29732}.Release|Any CPU.ActiveCfg = Release|Any CPU
		{27D03D9C-6F16-4BA9-B1F3-EF4E88E29732}.Release|Any CPU.Build.0 = Release|Any CPU
	EndGlobalSection
	GlobalSection(SolutionProperties) = preSolution
		HideSolutionNode = FALSE
	EndGlobalSection
	GlobalSection(ExtensibilityGlobals) = postSolution
		SolutionGuid = {5949B470-A8A3-4892-AB2B-1088694A6A6F}
	EndGlobalSection
EndGlobal
